// !$*UTF8*$!
{
	archiveVersion = 1;
	classes = {
	};
	objectVersion = 50;
	objects = {

/* Begin PBXBuildFile section */
		28DC5A4B23451576005C8302 /* AppDelegate.swift in Sources */ = {isa = PBXBuildFile; fileRef = 28DC5A4A23451576005C8302 /* AppDelegate.swift */; };
		28DC5A4D23451576005C8302 /* SceneDelegate.swift in Sources */ = {isa = PBXBuildFile; fileRef = 28DC5A4C23451576005C8302 /* SceneDelegate.swift */; };
		28DC5A5223451576005C8302 /* Main.storyboard in Resources */ = {isa = PBXBuildFile; fileRef = 28DC5A5023451576005C8302 /* Main.storyboard */; };
		28DC5A5423451577005C8302 /* Assets.xcassets in Resources */ = {isa = PBXBuildFile; fileRef = 28DC5A5323451577005C8302 /* Assets.xcassets */; };
		28DC5A5723451577005C8302 /* LaunchScreen.storyboard in Resources */ = {isa = PBXBuildFile; fileRef = 28DC5A5523451577005C8302 /* LaunchScreen.storyboard */; };
		28DC5A6823451641005C8302 /* BeerRandomizer.swift in Sources */ = {isa = PBXBuildFile; fileRef = 28DC5A6723451641005C8302 /* BeerRandomizer.swift */; };
		28DC5A6A23452301005C8302 /* BeerRandomizerController.swift in Sources */ = {isa = PBXBuildFile; fileRef = 28DC5A6923452301005C8302 /* BeerRandomizerController.swift */; };
		28DC5A6C23453736005C8302 /* BeerRandomizerViewController.swift in Sources */ = {isa = PBXBuildFile; fileRef = 28DC5A6B23453736005C8302 /* BeerRandomizerViewController.swift */; };
		28DC5A6E234543C7005C8302 /* BeerouletteViewController.swift in Sources */ = {isa = PBXBuildFile; fileRef = 28DC5A6D234543C7005C8302 /* BeerouletteViewController.swift */; };
/* End PBXBuildFile section */

/* Begin PBXFileReference section */
		28DC5A4723451576005C8302 /* BeerPicker.app */ = {isa = PBXFileReference; explicitFileType = wrapper.application; includeInIndex = 0; path = BeerPicker.app; sourceTree = BUILT_PRODUCTS_DIR; };
		28DC5A4A23451576005C8302 /* AppDelegate.swift */ = {isa = PBXFileReference; lastKnownFileType = sourcecode.swift; path = AppDelegate.swift; sourceTree = "<group>"; };
		28DC5A4C23451576005C8302 /* SceneDelegate.swift */ = {isa = PBXFileReference; lastKnownFileType = sourcecode.swift; path = SceneDelegate.swift; sourceTree = "<group>"; };
		28DC5A5123451576005C8302 /* Base */ = {isa = PBXFileReference; lastKnownFileType = file.storyboard; name = Base; path = Base.lproj/Main.storyboard; sourceTree = "<group>"; };
		28DC5A5323451577005C8302 /* Assets.xcassets */ = {isa = PBXFileReference; lastKnownFileType = folder.assetcatalog; path = Assets.xcassets; sourceTree = "<group>"; };
		28DC5A5623451577005C8302 /* Base */ = {isa = PBXFileReference; lastKnownFileType = file.storyboard; name = Base; path = Base.lproj/LaunchScreen.storyboard; sourceTree = "<group>"; };
		28DC5A5823451577005C8302 /* Info.plist */ = {isa = PBXFileReference; lastKnownFileType = text.plist.xml; path = Info.plist; sourceTree = "<group>"; };
		28DC5A6723451641005C8302 /* BeerRandomizer.swift */ = {isa = PBXFileReference; lastKnownFileType = sourcecode.swift; path = BeerRandomizer.swift; sourceTree = "<group>"; };
		28DC5A6923452301005C8302 /* BeerRandomizerController.swift */ = {isa = PBXFileReference; lastKnownFileType = sourcecode.swift; path = BeerRandomizerController.swift; sourceTree = "<group>"; };
		28DC5A6B23453736005C8302 /* BeerRandomizerViewController.swift */ = {isa = PBXFileReference; lastKnownFileType = sourcecode.swift; path = BeerRandomizerViewController.swift; sourceTree = "<group>"; };
		28DC5A6D234543C7005C8302 /* BeerouletteViewController.swift */ = {isa = PBXFileReference; lastKnownFileType = sourcecode.swift; path = BeerouletteViewController.swift; sourceTree = "<group>"; };
/* End PBXFileReference section */

/* Begin PBXFrameworksBuildPhase section */
		28DC5A4423451576005C8302 /* Frameworks */ = {
			isa = PBXFrameworksBuildPhase;
			buildActionMask = 2147483647;
			files = (
			);
			runOnlyForDeploymentPostprocessing = 0;
		};
/* End PBXFrameworksBuildPhase section */

/* Begin PBXGroup section */
		28DC5A3E23451576005C8302 = {
			isa = PBXGroup;
			children = (
				28DC5A4923451576005C8302 /* BeerPicker */,
				28DC5A5E234515B2005C8302 /* Resources */,
				28DC5A4823451576005C8302 /* Products */,
			);
			sourceTree = "<group>";
		};
		28DC5A4823451576005C8302 /* Products */ = {
			isa = PBXGroup;
			children = (
				28DC5A4723451576005C8302 /* BeerPicker.app */,
			);
			name = Products;
			sourceTree = "<group>";
		};
		28DC5A4923451576005C8302 /* BeerPicker */ = {
			isa = PBXGroup;
			children = (
				28DC5A62234515EA005C8302 /* Controllers */,
				28DC5A60234515D6005C8302 /* Views */,
				28DC5A5F234515CD005C8302 /* Model */,
			);
			path = BeerPicker;
			sourceTree = "<group>";
		};
		28DC5A5E234515B2005C8302 /* Resources */ = {
			isa = PBXGroup;
			children = (
				28DC5A4A23451576005C8302 /* AppDelegate.swift */,
				28DC5A4C23451576005C8302 /* SceneDelegate.swift */,
				28DC5A5323451577005C8302 /* Assets.xcassets */,
				28DC5A5523451577005C8302 /* LaunchScreen.storyboard */,
				28DC5A5823451577005C8302 /* Info.plist */,
			);
			path = Resources;
			sourceTree = "<group>";
		};
		28DC5A5F234515CD005C8302 /* Model */ = {
			isa = PBXGroup;
			children = (
				28DC5A6723451641005C8302 /* BeerRandomizer.swift */,
			);
			path = Model;
			sourceTree = "<group>";
		};
		28DC5A60234515D6005C8302 /* Views */ = {
			isa = PBXGroup;
			children = (
				28DC5A61234515DD005C8302 /* Storyboard */,
			);
			path = Views;
			sourceTree = "<group>";
		};
		28DC5A61234515DD005C8302 /* Storyboard */ = {
			isa = PBXGroup;
			children = (
				28DC5A5023451576005C8302 /* Main.storyboard */,
			);
			path = Storyboard;
			sourceTree = "<group>";
		};
		28DC5A62234515EA005C8302 /* Controllers */ = {
			isa = PBXGroup;
			children = (
				28DC5A6423451602005C8302 /* ViewControllers */,
				28DC5A63234515F7005C8302 /* ModelControllers */,
			);
			path = Controllers;
			sourceTree = "<group>";
		};
		28DC5A63234515F7005C8302 /* ModelControllers */ = {
			isa = PBXGroup;
			children = (
				28DC5A6923452301005C8302 /* BeerRandomizerController.swift */,
			);
			path = ModelControllers;
			sourceTree = "<group>";
		};
		28DC5A6423451602005C8302 /* ViewControllers */ = {
			isa = PBXGroup;
			children = (
				28DC5A6B23453736005C8302 /* BeerRandomizerViewController.swift */,
				28DC5A6D234543C7005C8302 /* BeerouletteViewController.swift */,
			);
			path = ViewControllers;
			sourceTree = "<group>";
		};
/* End PBXGroup section */

/* Begin PBXNativeTarget section */
		28DC5A4623451576005C8302 /* BeerPicker */ = {
			isa = PBXNativeTarget;
			buildConfigurationList = 28DC5A5B23451577005C8302 /* Build configuration list for PBXNativeTarget "BeerPicker" */;
			buildPhases = (
				28DC5A4323451576005C8302 /* Sources */,
				28DC5A4423451576005C8302 /* Frameworks */,
				28DC5A4523451576005C8302 /* Resources */,
			);
			buildRules = (
			);
			dependencies = (
			);
			name = BeerPicker;
			productName = BeerPicker;
			productReference = 28DC5A4723451576005C8302 /* BeerPicker.app */;
			productType = "com.apple.product-type.application";
		};
/* End PBXNativeTarget section */

/* Begin PBXProject section */
		28DC5A3F23451576005C8302 /* Project object */ = {
			isa = PBXProject;
			attributes = {
				LastSwiftUpdateCheck = 1100;
				LastUpgradeCheck = 1100;
				ORGANIZATIONNAME = "Christopher Alegre";
				TargetAttributes = {
					28DC5A4623451576005C8302 = {
						CreatedOnToolsVersion = 11.0;
					};
				};
			};
			buildConfigurationList = 28DC5A4223451576005C8302 /* Build configuration list for PBXProject "BeerPicker" */;
			compatibilityVersion = "Xcode 9.3";
			developmentRegion = en;
			hasScannedForEncodings = 0;
			knownRegions = (
				en,
				Base,
			);
			mainGroup = 28DC5A3E23451576005C8302;
			productRefGroup = 28DC5A4823451576005C8302 /* Products */;
			projectDirPath = "";
			projectRoot = "";
			targets = (
				28DC5A4623451576005C8302 /* BeerPicker */,
			);
		};
/* End PBXProject section */

/* Begin PBXResourcesBuildPhase section */
		28DC5A4523451576005C8302 /* Resources */ = {
			isa = PBXResourcesBuildPhase;
			buildActionMask = 2147483647;
			files = (
				28DC5A5723451577005C8302 /* LaunchScreen.storyboard in Resources */,
				28DC5A5423451577005C8302 /* Assets.xcassets in Resources */,
				28DC5A5223451576005C8302 /* Main.storyboard in Resources */,
			);
			runOnlyForDeploymentPostprocessing = 0;
		};
/* End PBXResourcesBuildPhase section */

/* Begin PBXSourcesBuildPhase section */
		28DC5A4323451576005C8302 /* Sources */ = {
			isa = PBXSourcesBuildPhase;
			buildActionMask = 2147483647;
			files = (
				28DC5A6C23453736005C8302 /* BeerRandomizerViewController.swift in Sources */,
				28DC5A6E234543C7005C8302 /* BeerouletteViewController.swift in Sources */,
				28DC5A6823451641005C8302 /* BeerRandomizer.swift in Sources */,
				28DC5A4B23451576005C8302 /* AppDelegate.swift in Sources */,
				28DC5A6A23452301005C8302 /* BeerRandomizerController.swift in Sources */,
				28DC5A4D23451576005C8302 /* SceneDelegate.swift in Sources */,
			);
			runOnlyForDeploymentPostprocessing = 0;
		};
/* End PBXSourcesBuildPhase section */

/* Begin PBXVariantGroup section */
		28DC5A5023451576005C8302 /* Main.storyboard */ = {
			isa = PBXVariantGroup;
			children = (
				28DC5A5123451576005C8302 /* Base */,
			);
			name = Main.storyboard;
			sourceTree = "<group>";
		};
		28DC5A5523451577005C8302 /* LaunchScreen.storyboard */ = {
			isa = PBXVariantGroup;
			children = (
				28DC5A5623451577005C8302 /* Base */,
			);
			name = LaunchScreen.storyboard;
			sourceTree = "<group>";
		};
/* End PBXVariantGroup section */

/* Begin XCBuildConfiguration section */
		28DC5A5923451577005C8302 /* Debug */ = {
			isa = XCBuildConfiguration;
			buildSettings = {
				ALWAYS_SEARCH_USER_PATHS = NO;
				CLANG_ANALYZER_NONNULL = YES;
				CLANG_ANALYZER_NUMBER_OBJECT_CONVERSION = YES_AGGRESSIVE;
				CLANG_CXX_LANGUAGE_STANDARD = "gnu++14";
				CLANG_CXX_LIBRARY = "libc++";
				CLANG_ENABLE_MODULES = YES;
				CLANG_ENABLE_OBJC_ARC = YES;
				CLANG_ENABLE_OBJC_WEAK = YES;
				CLANG_WARN_BLOCK_CAPTURE_AUTORELEASING = YES;
				CLANG_WARN_BOOL_CONVERSION = YES;
				CLANG_WARN_COMMA = YES;
				CLANG_WARN_CONSTANT_CONVERSION = YES;
				CLANG_WARN_DEPRECATED_OBJC_IMPLEMENTATIONS = YES;
				CLANG_WARN_DIRECT_OBJC_ISA_USAGE = YES_ERROR;
				CLANG_WARN_DOCUMENTATION_COMMENTS = YES;
				CLANG_WARN_EMPTY_BODY = YES;
				CLANG_WARN_ENUM_CONVERSION = YES;
				CLANG_WARN_INFINITE_RECURSION = YES;
				CLANG_WARN_INT_CONVERSION = YES;
				CLANG_WARN_NON_LITERAL_NULL_CONVERSION = YES;
				CLANG_WARN_OBJC_IMPLICIT_RETAIN_SELF = YES;
				CLANG_WARN_OBJC_LITERAL_CONVERSION = YES;
				CLANG_WARN_OBJC_ROOT_CLASS = YES_ERROR;
				CLANG_WARN_RANGE_LOOP_ANALYSIS = YES;
				CLANG_WARN_STRICT_PROTOTYPES = YES;
				CLANG_WARN_SUSPICIOUS_MOVE = YES;
				CLANG_WARN_UNGUARDED_AVAILABILITY = YES_AGGRESSIVE;
				CLANG_WARN_UNREACHABLE_CODE = YES;
				CLANG_WARN__DUPLICATE_METHOD_MATCH = YES;
				COPY_PHASE_STRIP = NO;
				DEBUG_INFORMATION_FORMAT = dwarf;
				ENABLE_STRICT_OBJC_MSGSEND = YES;
				ENABLE_TESTABILITY = YES;
				GCC_C_LANGUAGE_STANDARD = gnu11;
				GCC_DYNAMIC_NO_PIC = NO;
				GCC_NO_COMMON_BLOCKS = YES;
				GCC_OPTIMIZATION_LEVEL = 0;
				GCC_PREPROCESSOR_DEFINITIONS = (
					"DEBUG=1",
					"$(inherited)",
				);
				GCC_WARN_64_TO_32_BIT_CONVERSION = YES;
				GCC_WARN_ABOUT_RETURN_TYPE = YES_ERROR;
				GCC_WARN_UNDECLARED_SELECTOR = YES;
				GCC_WARN_UNINITIALIZED_AUTOS = YES_AGGRESSIVE;
				GCC_WARN_UNUSED_FUNCTION = YES;
				GCC_WARN_UNUSED_VARIABLE = YES;
				IPHONEOS_DEPLOYMENT_TARGET = 13.0;
				MTL_ENABLE_DEBUG_INFO = INCLUDE_SOURCE;
				MTL_FAST_MATH = YES;
				ONLY_ACTIVE_ARCH = YES;
				SDKROOT = iphoneos;
				SWIFT_ACTIVE_COMPILATION_CONDITIONS = DEBUG;
				SWIFT_OPTIMIZATION_LEVEL = "-Onone";
			};
			name = Debug;
		};
		28DC5A5A23451577005C8302 /* Release */ = {
			isa = XCBuildConfiguration;
			buildSettings = {
				ALWAYS_SEARCH_USER_PATHS = NO;
				CLANG_ANALYZER_NONNULL = YES;
				CLANG_ANALYZER_NUMBER_OBJECT_CONVERSION = YES_AGGRESSIVE;
				CLANG_CXX_LANGUAGE_STANDARD = "gnu++14";
				CLANG_CXX_LIBRARY = "libc++";
				CLANG_ENABLE_MODULES = YES;
				CLANG_ENABLE_OBJC_ARC = YES;
				CLANG_ENABLE_OBJC_WEAK = YES;
				CLANG_WARN_BLOCK_CAPTURE_AUTORELEASING = YES;
				CLANG_WARN_BOOL_CONVERSION = YES;
				CLANG_WARN_COMMA = YES;
				CLANG_WARN_CONSTANT_CONVERSION = YES;
				CLANG_WARN_DEPRECATED_OBJC_IMPLEMENTATIONS = YES;
				CLANG_WARN_DIRECT_OBJC_ISA_USAGE = YES_ERROR;
				CLANG_WARN_DOCUMENTATION_COMMENTS = YES;
				CLANG_WARN_EMPTY_BODY = YES;
				CLANG_WARN_ENUM_CONVERSION = YES;
				CLANG_WARN_INFINITE_RECURSION = YES;
				CLANG_WARN_INT_CONVERSION = YES;
				CLANG_WARN_NON_LITERAL_NULL_CONVERSION = YES;
				CLANG_WARN_OBJC_IMPLICIT_RETAIN_SELF = YES;
				CLANG_WARN_OBJC_LITERAL_CONVERSION = YES;
				CLANG_WARN_OBJC_ROOT_CLASS = YES_ERROR;
				CLANG_WARN_RANGE_LOOP_ANALYSIS = YES;
				CLANG_WARN_STRICT_PROTOTYPES = YES;
				CLANG_WARN_SUSPICIOUS_MOVE = YES;
				CLANG_WARN_UNGUARDED_AVAILABILITY = YES_AGGRESSIVE;
				CLANG_WARN_UNREACHABLE_CODE = YES;
				CLANG_WARN__DUPLICATE_METHOD_MATCH = YES;
				COPY_PHASE_STRIP = NO;
				DEBUG_INFORMATION_FORMAT = "dwarf-with-dsym";
				ENABLE_NS_ASSERTIONS = NO;
				ENABLE_STRICT_OBJC_MSGSEND = YES;
				GCC_C_LANGUAGE_STANDARD = gnu11;
				GCC_NO_COMMON_BLOCKS = YES;
				GCC_WARN_64_TO_32_BIT_CONVERSION = YES;
				GCC_WARN_ABOUT_RETURN_TYPE = YES_ERROR;
				GCC_WARN_UNDECLARED_SELECTOR = YES;
				GCC_WARN_UNINITIALIZED_AUTOS = YES_AGGRESSIVE;
				GCC_WARN_UNUSED_FUNCTION = YES;
				GCC_WARN_UNUSED_VARIABLE = YES;
				IPHONEOS_DEPLOYMENT_TARGET = 13.0;
				MTL_ENABLE_DEBUG_INFO = NO;
				MTL_FAST_MATH = YES;
				SDKROOT = iphoneos;
				SWIFT_COMPILATION_MODE = wholemodule;
				SWIFT_OPTIMIZATION_LEVEL = "-O";
				VALIDATE_PRODUCT = YES;
			};
			name = Release;
		};
		28DC5A5C23451577005C8302 /* Debug */ = {
			isa = XCBuildConfiguration;
			buildSettings = {
				ASSETCATALOG_COMPILER_APPICON_NAME = AppIcon;
				CODE_SIGN_STYLE = Automatic;
				DEVELOPMENT_TEAM = 5XC6N4RBRH;
				INFOPLIST_FILE = "$(SRCROOT)/Resources/Info.plist";
				LD_RUNPATH_SEARCH_PATHS = (
					"$(inherited)",
					"@executable_path/Frameworks",
				);
				PRODUCT_BUNDLE_IDENTIFIER = calegre.BeerPicker;
				PRODUCT_NAME = "$(TARGET_NAME)";
				SWIFT_VERSION = 5.0;
				TARGETED_DEVICE_FAMILY = "1,2";
			};
			name = Debug;
		};
		28DC5A5D23451577005C8302 /* Release */ = {
			isa = XCBuildConfiguration;
			buildSettings = {
				ASSETCATALOG_COMPILER_APPICON_NAME = AppIcon;
				CODE_SIGN_STYLE = Automatic;
				DEVELOPMENT_TEAM = 5XC6N4RBRH;
				INFOPLIST_FILE = "$(SRCROOT)/Resources/Info.plist";
				LD_RUNPATH_SEARCH_PATHS = (
					"$(inherited)",
					"@executable_path/Frameworks",
				);
				PRODUCT_BUNDLE_IDENTIFIER = calegre.BeerPicker;
				PRODUCT_NAME = "$(TARGET_NAME)";
				SWIFT_VERSION = 5.0;
				TARGETED_DEVICE_FAMILY = "1,2";
			};
			name = Release;
		};
/* End XCBuildConfiguration section */

/* Begin XCConfigurationList section */
		28DC5A4223451576005C8302 /* Build configuration list for PBXProject "BeerPicker" */ = {
			isa = XCConfigurationList;
			buildConfigurations = (
				28DC5A5923451577005C8302 /* Debug */,
				28DC5A5A23451577005C8302 /* Release */,
			);
			defaultConfigurationIsVisible = 0;
			defaultConfigurationName = Release;
		};
		28DC5A5B23451577005C8302 /* Build configuration list for PBXNativeTarget "BeerPicker" */ = {
			isa = XCConfigurationList;
			buildConfigurations = (
				28DC5A5C23451577005C8302 /* Debug */,
				28DC5A5D23451577005C8302 /* Release */,
			);
			defaultConfigurationIsVisible = 0;
			defaultConfigurationName = Release;
		};
/* End XCConfigurationList section */
	};
	rootObject = 28DC5A3F23451576005C8302 /* Project object */;
}
